
Microsoft Visual Studio Solution File, Format Version 12.00
# Visual Studio Version 16
VisualStudioVersion = 16.0.30225.117
MinimumVisualStudioVersion = 10.0.40219.1
Project("{888888A0-9F3D-457C-B088-3A5042F75D52}") = "webScapper", "webScapper\webScapper.pyproj", "{3EE3F207-DDEE-45CE-A4EE-1FA2D52E1BD3}"
EndProject
Global
	GlobalSection(SolutionConfigurationPlatforms) = preSolution
		Debug|Any CPU = Debug|Any CPU
		Release|Any CPU = Release|Any CPU
	EndGlobalSection
	GlobalSection(ProjectConfigurationPlatforms) = postSolution
		{3EE3F207-DDEE-45CE-A4EE-1FA2D52E1BD3}.Debug|Any CPU.ActiveCfg = Debug|Any CPU
		{3EE3F207-DDEE-45CE-A4EE-1FA2D52E1BD3}.Release|Any CPU.ActiveCfg = Release|Any CPU
	EndGlobalSection
	GlobalSection(SolutionProperties) = preSolution
		HideSolutionNode = FALSE
	EndGlobalSection
	GlobalSection(ExtensibilityGlobals) = postSolution
		SolutionGuid = {F4B3ED24-DBB8-4811-9D12-D606C6F27A2A}
	EndGlobalSection
EndGlobal
